
Microsoft Visual Studio Solution File, Format Version 12.00
# Visual Studio Version 17
VisualStudioVersion = 17.14.37614.0
MinimumVisualStudioVersion = 10.0.40219.1
Project("{2150E333-8FDC-42A3-9474-1A3956D46DE8}") = "1_Views", "1_Views", "{02EA681E-C7D8-13C7-8484-4AC65E1B71E8}"
EndProject
Project("{2150E333-8FDC-42A3-9474-1A3956D46DE8}") = "2_ViewModels", "2_ViewModels", "{D72829C2-DA4F-41BA-B60A-FF750ADCF45F}"
EndProject
Project("{2150E333-8FDC-42A3-9474-1A3956D46DE8}") = "3_App", "3_App", "{0C8F35AD-311C-4B07-B38C-12A5C9141DD2}"
EndProject
Project("{2150E333-8FDC-42A3-9474-1A3956D46DE8}") = "4_Domain", "4_Domain", "{30E01BB7-838C-462E-B268-B3A41492F843}"
EndProject
Project("{FAE04EC0-301F-11D3-BF4B-00C04F79EFBC}") = "WorkplaceReservationSystem.Domain-dev", "WorkplaceReservationSystem.Domain\WorkplaceReservationSystem.Domain-dev.csproj", "{FD6AC06E-2ED4-54F9-D698-FF184C3E877F}"
EndProject
Project("{FAE04EC0-301F-11D3-BF4B-00C04F79EFBC}") = "WorkplaceReservationSystem.ViewModels-dev", "WorkplaceReservationSystem.ViewModels\WorkplaceReservationSystem.ViewModels-dev.csproj", "{E2C34501-9F70-1437-9452-7A3E4297F865}"
EndProject
Project("{FAE04EC0-301F-11D3-BF4B-00C04F79EFBC}") = "WorkplaceReservationSystem.App-dev", "WorkplaceReservationSystem.App\WorkplaceReservationSystem.App-dev.csproj", "{1D788D70-CC16-BA6C-96EB-B5AE23E8F364}"
EndProject
Project("{FAE04EC0-301F-11D3-BF4B-00C04F79EFBC}") = "WorkplaceReservationSystem.Views-dev", "WorkplaceReservationSystem.Views\WorkplaceReservationSystem.Views-dev.csproj", "{74821BC4-26AA-F9A6-9DE0-E2DBF8FE2D93}"
EndProject
Global
	GlobalSection(SolutionConfigurationPlatforms) = preSolution
		Debug|Any CPU = Debug|Any CPU
		Release|Any CPU = Release|Any CPU
	EndGlobalSection
	GlobalSection(ProjectConfigurationPlatforms) = postSolution
		{FD6AC06E-2ED4-54F9-D698-FF184C3E877F}.Debug|Any CPU.ActiveCfg = Debug|Any CPU
		{FD6AC06E-2ED4-54F9-D698-FF184C3E877F}.Debug|Any CPU.Build.0 = Debug|Any CPU
		{FD6AC06E-2ED4-54F9-D698-FF184C3E877F}.Release|Any CPU.ActiveCfg = Release|Any CPU
		{FD6AC06E-2ED4-54F9-D698-FF184C3E877F}.Release|Any CPU.Build.0 = Release|Any CPU
		{E2C34501-9F70-1437-9452-7A3E4297F865}.Debug|Any CPU.ActiveCfg = Debug|Any CPU
		{E2C34501-9F70-1437-9452-7A3E4297F865}.Debug|Any CPU.Build.0 = Debug|Any CPU
		{E2C34501-9F70-1437-9452-7A3E4297F865}.Release|Any CPU.ActiveCfg = Release|Any CPU
		{E2C34501-9F70-1437-9452-7A3E4297F865}.Release|Any CPU.Build.0 = Release|Any CPU
		{1D788D70-CC16-BA6C-96EB-B5AE23E8F364}.Debug|Any CPU.ActiveCfg = Debug|Any CPU
		{1D788D70-CC16-BA6C-96EB-B5AE23E8F364}.Debug|Any CPU.Build.0 = Debug|Any CPU
		{1D788D70-CC16-BA6C-96EB-B5AE23E8F364}.Release|Any CPU.ActiveCfg = Release|Any CPU
		{1D788D70-CC16-BA6C-96EB-B5AE23E8F364}.Release|Any CPU.Build.0 = Release|Any CPU
		{74821BC4-26AA-F9A6-9DE0-E2DBF8FE2D93}.Debug|Any CPU.ActiveCfg = Debug|Any CPU
		{74821BC4-26AA-F9A6-9DE0-E2DBF8FE2D93}.Debug|Any CPU.Build.0 = Debug|Any CPU
		{74821BC4-26AA-F9A6-9DE0-E2DBF8FE2D93}.Release|Any CPU.ActiveCfg = Release|Any CPU
		{74821BC4-26AA-F9A6-9DE0-E2DBF8FE2D93}.Release|Any CPU.Build.0 = Release|Any CPU
	EndGlobalSection
	GlobalSection(SolutionProperties) = preSolution
		HideSolutionNode = FALSE
	EndGlobalSection
	GlobalSection(NestedProjects) = preSolution
		{FD6AC06E-2ED4-54F9-D698-FF184C3E877F} = {30E01BB7-838C-462E-B268-B3A41492F843}
		{E2C34501-9F70-1437-9452-7A3E4297F865} = {D72829C2-DA4F-41BA-B60A-FF750ADCF45F}
		{1D788D70-CC16-BA6C-96EB-B5AE23E8F364} = {0C8F35AD-311C-4B07-B38C-12A5C9141DD2}
		{74821BC4-26AA-F9A6-9DE0-E2DBF8FE2D93} = {02EA681E-C7D8-13C7-8484-4AC65E1B71E8}
	EndGlobalSection
	GlobalSection(ExtensibilityGlobals) = postSolution
		SolutionGuid = {20F2E002-9CDE-4308-A703-E5A9E80EE275}
	EndGlobalSection
EndGlobal
